
Microsoft Visual Studio Solution File, Format Version 12.00
# Visual Studio Version 16
VisualStudioVersion = 16.0.31702.278
MinimumVisualStudioVersion = 10.0.40219.1
Project("{9A19103F-16F7-4668-BE54-9A1E7A4F7556}") = "EasyDBDriver", "EasyDBClient\EasyDBDriver.csproj", "{AFFF49A8-EE57-4D31-BA64-4C6873BF2685}"
EndProject
Project("{9A19103F-16F7-4668-BE54-9A1E7A4F7556}") = "EasyDBDriver.Tests", "EasyDBClient.Tests\EasyDBDriver.Tests.csproj", "{0A22FD2E-C372-41E1-8ABD-5C4B76F9A21F}"
EndProject
Global
	GlobalSection(SolutionConfigurationPlatforms) = preSolution
		Debug|Any CPU = Debug|Any CPU
		Release|Any CPU = Release|Any CPU
	EndGlobalSection
	GlobalSection(ProjectConfigurationPlatforms) = postSolution
		{AFFF49A8-EE57-4D31-BA64-4C6873BF2685}.Debug|Any CPU.ActiveCfg = Debug|Any CPU
		{AFFF49A8-EE57-4D31-BA64-4C6873BF2685}.Debug|Any CPU.Build.0 = Debug|Any CPU
		{AFFF49A8-EE57-4D31-BA64-4C6873BF2685}.Release|Any CPU.ActiveCfg = Release|Any CPU
		{AFFF49A8-EE57-4D31-BA64-4C6873BF2685}.Release|Any CPU.Build.0 = Release|Any CPU
		{0A22FD2E-C372-41E1-8ABD-5C4B76F9A21F}.Debug|Any CPU.ActiveCfg = Debug|Any CPU
		{0A22FD2E-C372-41E1-8ABD-5C4B76F9A21F}.Debug|Any CPU.Build.0 = Debug|Any CPU
		{0A22FD2E-C372-41E1-8ABD-5C4B76F9A21F}.Release|Any CPU.ActiveCfg = Release|Any CPU
		{0A22FD2E-C372-41E1-8ABD-5C4B76F9A21F}.Release|Any CPU.Build.0 = Release|Any CPU
	EndGlobalSection
	GlobalSection(SolutionProperties) = preSolution
		HideSolutionNode = FALSE
	EndGlobalSection
	GlobalSection(ExtensibilityGlobals) = postSolution
		SolutionGuid = {AB7F7B69-BE20-4B0F-B2B9-C0BAF523C656}
	EndGlobalSection
EndGlobal
